
Microsoft Visual Studio Solution File, Format Version 12.00
# Visual Studio Version 16
VisualStudioVersion = 16.0.29709.97
MinimumVisualStudioVersion = 10.0.40219.1
Project("{FAE04EC0-301F-11D3-BF4B-00C04F79EFBC}") = "multithreaded-gzip", "multithreaded-gzip\multithreaded-gzip.csproj", "{732F868C-D91B-4E9F-B27A-54445716B116}"
EndProject
Project("{FAE04EC0-301F-11D3-BF4B-00C04F79EFBC}") = "measurments", "measurments\measurments.csproj", "{3AE2D778-3465-43A3-AA4D-E9D2E825B7CB}"
EndProject
Global
	GlobalSection(SolutionConfigurationPlatforms) = preSolution
		Debug|Any CPU = Debug|Any CPU
		Release|Any CPU = Release|Any CPU
	EndGlobalSection
	GlobalSection(ProjectConfigurationPlatforms) = postSolution
		{732F868C-D91B-4E9F-B27A-54445716B116}.Debug|Any CPU.ActiveCfg = Debug|Any CPU
		{732F868C-D91B-4E9F-B27A-54445716B116}.Debug|Any CPU.Build.0 = Debug|Any CPU
		{732F868C-D91B-4E9F-B27A-54445716B116}.Release|Any CPU.ActiveCfg = Release|Any CPU
		{732F868C-D91B-4E9F-B27A-54445716B116}.Release|Any CPU.Build.0 = Release|Any CPU
		{3AE2D778-3465-43A3-AA4D-E9D2E825B7CB}.Debug|Any CPU.ActiveCfg = Debug|Any CPU
		{3AE2D778-3465-43A3-AA4D-E9D2E825B7CB}.Debug|Any CPU.Build.0 = Debug|Any CPU
		{3AE2D778-3465-43A3-AA4D-E9D2E825B7CB}.Release|Any CPU.ActiveCfg = Release|Any CPU
		{3AE2D778-3465-43A3-AA4D-E9D2E825B7CB}.Release|Any CPU.Build.0 = Release|Any CPU
	EndGlobalSection
	GlobalSection(SolutionProperties) = preSolution
		HideSolutionNode = FALSE
	EndGlobalSection
	GlobalSection(ExtensibilityGlobals) = postSolution
		SolutionGuid = {12C443AE-DABA-43BE-8639-EF242762B35E}
	EndGlobalSection
EndGlobal
